
Microsoft Visual Studio Solution File, Format Version 12.00
# Visual Studio Version 16
VisualStudioVersion = 16.0.33214.272
MinimumVisualStudioVersion = 10.0.40219.1
Project("{FAE04EC0-301F-11D3-BF4B-00C04F79EFBC}") = "FYP_sale_book_system", "FYP_sale_book_system\FYP_sale_book_system.csproj", "{70F40A0A-1D48-4321-B167-2759C90A2851}"
EndProject
Global
	GlobalSection(SolutionConfigurationPlatforms) = preSolution
		Debug|Any CPU = Debug|Any CPU
		Release|Any CPU = Release|Any CPU
	EndGlobalSection
	GlobalSection(ProjectConfigurationPlatforms) = postSolution
		{70F40A0A-1D48-4321-B167-2759C90A2851}.Debug|Any CPU.ActiveCfg = Debug|Any CPU
		{70F40A0A-1D48-4321-B167-2759C90A2851}.Debug|Any CPU.Build.0 = Debug|Any CPU
		{70F40A0A-1D48-4321-B167-2759C90A2851}.Release|Any CPU.ActiveCfg = Release|Any CPU
		{70F40A0A-1D48-4321-B167-2759C90A2851}.Release|Any CPU.Build.0 = Release|Any CPU
	EndGlobalSection
	GlobalSection(SolutionProperties) = preSolution
		HideSolutionNode = FALSE
	EndGlobalSection
	GlobalSection(ExtensibilityGlobals) = postSolution
		SolutionGuid = {BE675098-BDEE-4A6F-86DB-1E1742038B51}
	EndGlobalSection
EndGlobal
